
Microsoft Visual Studio Solution File, Format Version 12.00
# Visual Studio 15
Project("{FAE04EC0-301F-11D3-BF4B-00C04F79EFBC}") = "MTQ2", "MTQ2.csproj", "{78149C22-1D82-437B-B472-4B85991DF7A3}"
EndProject
Global
	GlobalSection(SolutionConfigurationPlatforms) = preSolution
		Debug|Any CPU = Debug|Any CPU
		Release|Any CPU = Release|Any CPU
	EndGlobalSection
	GlobalSection(ProjectConfigurationPlatforms) = postSolution
		{78149C22-1D82-437B-B472-4B85991DF7A3}.Debug|Any CPU.ActiveCfg = Debug|Any CPU
		{78149C22-1D82-437B-B472-4B85991DF7A3}.Debug|Any CPU.Build.0 = Debug|Any CPU
		{78149C22-1D82-437B-B472-4B85991DF7A3}.Release|Any CPU.ActiveCfg = Release|Any CPU
		{78149C22-1D82-437B-B472-4B85991DF7A3}.Release|Any CPU.Build.0 = Release|Any CPU
	EndGlobalSection
EndGlobal
