
Microsoft Visual Studio Solution File, Format Version 12.00
# Visual Studio 15
Project("{FAE04EC0-301F-11D3-BF4B-00C04F79EFBC}") = "MTQ3", "MTQ3.csproj", "{07A228AF-5E94-4775-AC96-618D22E7FD61}"
EndProject
Global
	GlobalSection(SolutionConfigurationPlatforms) = preSolution
		Debug|Any CPU = Debug|Any CPU
		Release|Any CPU = Release|Any CPU
	EndGlobalSection
	GlobalSection(ProjectConfigurationPlatforms) = postSolution
		{07A228AF-5E94-4775-AC96-618D22E7FD61}.Debug|Any CPU.ActiveCfg = Debug|Any CPU
		{07A228AF-5E94-4775-AC96-618D22E7FD61}.Debug|Any CPU.Build.0 = Debug|Any CPU
		{07A228AF-5E94-4775-AC96-618D22E7FD61}.Release|Any CPU.ActiveCfg = Release|Any CPU
		{07A228AF-5E94-4775-AC96-618D22E7FD61}.Release|Any CPU.Build.0 = Release|Any CPU
	EndGlobalSection
EndGlobal
