
Microsoft Visual Studio Solution File, Format Version 12.00
# Visual Studio 15
Project("{FAE04EC0-301F-11D3-BF4B-00C04F79EFBC}") = "MTQ1", "MTQ1.csproj", "{EFD20474-1D65-4C0D-B558-2BD29098DCB4}"
EndProject
Global
	GlobalSection(SolutionConfigurationPlatforms) = preSolution
		Debug|Any CPU = Debug|Any CPU
		Release|Any CPU = Release|Any CPU
	EndGlobalSection
	GlobalSection(ProjectConfigurationPlatforms) = postSolution
		{EFD20474-1D65-4C0D-B558-2BD29098DCB4}.Debug|Any CPU.ActiveCfg = Debug|Any CPU
		{EFD20474-1D65-4C0D-B558-2BD29098DCB4}.Debug|Any CPU.Build.0 = Debug|Any CPU
		{EFD20474-1D65-4C0D-B558-2BD29098DCB4}.Release|Any CPU.ActiveCfg = Release|Any CPU
		{EFD20474-1D65-4C0D-B558-2BD29098DCB4}.Release|Any CPU.Build.0 = Release|Any CPU
	EndGlobalSection
EndGlobal
